{
  "name": "demo10",
  "version": "1.0.0",
  "lockfileVersion": 3,
  "requires": true,
  "packages": {
    "": {
      "name": "demo10",
      "version": "1.0.0",
      "license": "ISC",
      "dependencies": {
        "install": "^0.13.0",
        "nnpm": "^0.0.1",
        "nouislider": "^15.8.1"
      }
    },
    "node_modules/install": {
      "version": "0.13.0",
      "resolved": "https://registry.npmjs.org/install/-/install-0.13.0.tgz",
      "integrity": "sha512-zDml/jzr2PKU9I8J/xyZBQn8rPCAY//UOYNmR01XwNwyfhEWObo2SWfSl1+0tm1u6PhxLwDnfsT/6jB7OUxqFA==",
      "engines": {
        "node": ">= 0.10"
      }
    },
    "node_modules/nnpm": {
      "version": "0.0.1",
      "resolved": "https://registry.npmjs.org/nnpm/-/nnpm-0.0.1.tgz",
      "integrity": "sha512-u1aMZ4Bycl9D7Q0XftdWyLX3aWXiTxMPEFBCYUSUdTleKIUyziGQHUL2/6tk9L6QeFMxn+7Ya84CaptVtYlPdg=="
    },
    "node_modules/nouislider": {
      "version": "15.8.1",
      "resolved": "https://registry.npmjs.org/nouislider/-/nouislider-15.8.1.tgz",
      "integrity": "sha512-93TweAi8kqntHJSPiSWQ1o/uZ29VWOmal9YKb6KKGGlCkugaNfAupT7o1qTHqdJvNQ7S0su5rO6qRFCjP8fxtw=="
    }
  }
}
